
Microsoft Visual Studio Solution File, Format Version 12.00
# Visual Studio Version 17
VisualStudioVersion = 17.14.36511.14 d17.14
MinimumVisualStudioVersion = 10.0.40219.1
Project("{FAE04EC0-301F-11D3-BF4B-00C04F79EFBC}") = "MAPA", "MAPA\MAPA.csproj", "{C47A7CAE-7847-4DDC-B303-0C0A18BF91B2}"
EndProject
Global
	GlobalSection(SolutionConfigurationPlatforms) = preSolution
		Debug|Any CPU = Debug|Any CPU
		Release|Any CPU = Release|Any CPU
	EndGlobalSection
	GlobalSection(ProjectConfigurationPlatforms) = postSolution
		{C47A7CAE-7847-4DDC-B303-0C0A18BF91B2}.Debug|Any CPU.ActiveCfg = Debug|Any CPU
		{C47A7CAE-7847-4DDC-B303-0C0A18BF91B2}.Debug|Any CPU.Build.0 = Debug|Any CPU
		{C47A7CAE-7847-4DDC-B303-0C0A18BF91B2}.Release|Any CPU.ActiveCfg = Release|Any CPU
		{C47A7CAE-7847-4DDC-B303-0C0A18BF91B2}.Release|Any CPU.Build.0 = Release|Any CPU
	EndGlobalSection
	GlobalSection(SolutionProperties) = preSolution
		HideSolutionNode = FALSE
	EndGlobalSection
	GlobalSection(ExtensibilityGlobals) = postSolution
		SolutionGuid = {3C84FECB-F99A-4B3C-B2B1-1EB76A2DD63A}
	EndGlobalSection
EndGlobal
